
Microsoft Visual Studio Solution File, Format Version 12.00
# Visual Studio Version 17
VisualStudioVersion = 17.2.32630.192
MinimumVisualStudioVersion = 10.0.40219.1
Project("{FAE04EC0-301F-11D3-BF4B-00C04F79EFBC}") = "core_backend", "core_backend\core_backend.csproj", "{54C073C2-6348-4898-9F8D-0E1C7963CCBC}"
EndProject
Global
	GlobalSection(SolutionConfigurationPlatforms) = preSolution
		Debug|Any CPU = Debug|Any CPU
		Release|Any CPU = Release|Any CPU
	EndGlobalSection
	GlobalSection(ProjectConfigurationPlatforms) = postSolution
		{54C073C2-6348-4898-9F8D-0E1C7963CCBC}.Debug|Any CPU.ActiveCfg = Debug|Any CPU
		{54C073C2-6348-4898-9F8D-0E1C7963CCBC}.Debug|Any CPU.Build.0 = Debug|Any CPU
		{54C073C2-6348-4898-9F8D-0E1C7963CCBC}.Release|Any CPU.ActiveCfg = Release|Any CPU
		{54C073C2-6348-4898-9F8D-0E1C7963CCBC}.Release|Any CPU.Build.0 = Release|Any CPU
	EndGlobalSection
	GlobalSection(SolutionProperties) = preSolution
		HideSolutionNode = FALSE
	EndGlobalSection
	GlobalSection(ExtensibilityGlobals) = postSolution
		SolutionGuid = {6C87D792-EC04-4B67-8246-B9169044E2B6}
	EndGlobalSection
EndGlobal
